{
  "version": 4,
  "terraform_version": "1.4.6",
  "serial": 37,
  "lineage": "92954a86-3bc0-bd33-1484-141f6173bc80",
  "outputs": {},
  "resources": [
    {
      "mode": "data",
      "type": "archive_file",
      "name": "source1",
      "provider": "provider[\"registry.terraform.io/hashicorp/archive\"]",
      "instances": [
        {
          "schema_version": 0,
          "attributes": {
            "exclude_symlink_directories": null,
            "excludes": null,
            "id": "52f162f22341793a7f0d53fd68879aad40fdf865",
            "output_base64sha256": "EwDQf0rx2k7b3+GOYi0DCEAb82SJtDstxUbEeWETihM=",
            "output_base64sha512": "YEh7WdAiH8xvFqqYp90mMv5niRa2eirFptEJ67HOGYO3lzNXqwbaJr62J3MzPTpW26iqKyvDHUWNOt8g3lWWzQ==",
            "output_file_mode": null,
            "output_md5": "0265ba75183537a87f6d8748a0284b24",
            "output_path": "./tmp/function1.zip",
            "output_sha": "52f162f22341793a7f0d53fd68879aad40fdf865",
            "output_sha256": "1300d07f4af1da4edbdfe18e622d0308401bf36489b43b2dc546c47961138a13",
            "output_sha512": "60487b59d0221fcc6f16aa98a7dd2632fe678916b67a2ac5a6d109ebb1ce1983b7973357ab06da26beb62773333d3a56dba8aa2b2bc31d458d3adf20de5596cd",
            "output_size": 625,
            "source": [],
            "source_content": null,
            "source_content_filename": null,
            "source_dir": "../src/dir1",
            "source_file": null,
            "type": "zip"
          },
          "sensitive_attributes": []
        }
      ]
    },
    {
      "mode": "data",
      "type": "archive_file",
      "name": "source2",
      "provider": "provider[\"registry.terraform.io/hashicorp/archive\"]",
      "instances": [
        {
          "schema_version": 0,
          "attributes": {
            "exclude_symlink_directories": null,
            "excludes": null,
            "id": "25dd79e91990723e014b1a41a39b8002acc5564b",
            "output_base64sha256": "Z0p1AKF5k5CJ0/r5uWyl4n3YqaQChEpM2Ia2tJRVwqg=",
            "output_base64sha512": "P8REWtYL7AIidVuIwq3eI0zQyGzI74PDPuRr1GVI78ndlt0QJ9mdvTnMUBbD9bVnE8G4covFQ3hyPZZEoM6IXA==",
            "output_file_mode": null,
            "output_md5": "3a6148e4bf8f043473e1e0de82c8949e",
            "output_path": "./tmp/function2.zip",
            "output_sha": "25dd79e91990723e014b1a41a39b8002acc5564b",
            "output_sha256": "674a7500a179939089d3faf9b96ca5e27dd8a9a402844a4cd886b6b49455c2a8",
            "output_sha512": "3fc4445ad60bec0222755b88c2adde234cd0c86cc8ef83c33ee46bd46548efc9dd96dd1027d99dbd39cc5016c3f5b56713c1b8728bc54378723d9644a0ce885c",
            "output_size": 658,
            "source": [],
            "source_content": null,
            "source_content_filename": null,
            "source_dir": "../src/dir2",
            "source_file": null,
            "type": "zip"
          },
          "sensitive_attributes": []
        }
      ]
    },
    {
      "mode": "data",
      "type": "archive_file",
      "name": "sourcewrapper",
      "provider": "provider[\"registry.terraform.io/hashicorp/archive\"]",
      "instances": [
        {
          "schema_version": 0,
          "attributes": {
            "exclude_symlink_directories": null,
            "excludes": null,
            "id": "54a7d3561fea560fe6a84072ff5444e586d62183",
            "output_base64sha256": "GGEzYe3nx48JI1pEmmrktXJL1RAdF3aoaY63/t8wfH4=",
            "output_base64sha512": "qMrAPv3v32Jh/jgBFd+Lt+8kqC3fhL6yOotGLmoj4kQ5CRAY9zJ+OjQcdQAr1DiKmFyqeetio+4VUDxczfVoKg==",
            "output_file_mode": null,
            "output_md5": "d0cbbe406b6e17b574d3e335f0425b76",
            "output_path": "./tmp/wrapper.zip",
            "output_sha": "54a7d3561fea560fe6a84072ff5444e586d62183",
            "output_sha256": "18613361ede7c78f09235a449a6ae4b5724bd5101d1776a8698eb7fedf307c7e",
            "output_sha512": "a8cac03efdefdf6261fe380115df8bb7ef24a82ddf84beb23a8b462e6a23e24439091018f7327e3a341c75002bd4388a985caa79eb62a3ee15503c5ccdf5682a",
            "output_size": 768,
            "source": [],
            "source_content": null,
            "source_content_filename": null,
            "source_dir": "../src/wrapper",
            "source_file": null,
            "type": "zip"
          },
          "sensitive_attributes": []
        }
      ]
    },
    {
      "mode": "managed",
      "type": "google_cloudfunctions_function",
      "name": "function",
      "provider": "provider[\"registry.terraform.io/hashicorp/google\"]",
      "instances": [
        {
          "schema_version": 0,
          "attributes": {
            "available_memory_mb": 256,
            "build_environment_variables": null,
            "build_worker_pool": "",
            "description": "",
            "docker_registry": "CONTAINER_REGISTRY",
            "docker_repository": "",
            "entry_point": "function_handler",
            "environment_variables": null,
            "event_trigger": [],
            "https_trigger_security_level": "SECURE_OPTIONAL",
            "https_trigger_url": "https://europe-west1-csbws2223.cloudfunctions.net/function1",
            "id": "projects/csbws2223/locations/europe-west1/functions/function1",
            "ingress_settings": "ALLOW_ALL",
            "kms_key_name": "",
            "labels": null,
            "max_instances": 0,
            "min_instances": 0,
            "name": "function1",
            "project": "csbws2223",
            "region": "europe-west1",
            "runtime": "python37",
            "secret_environment_variables": [],
            "secret_volumes": [],
            "service_account_email": "csbws2223@appspot.gserviceaccount.com",
            "source_archive_bucket": "csbws2223-function",
            "source_archive_object": "src-0265ba75183537a87f6d8748a0284b24.zip",
            "source_repository": [],
            "status": "ACTIVE",
            "timeout": 60,
            "timeouts": null,
            "trigger_http": true,
            "vpc_connector": "",
            "vpc_connector_egress_settings": ""
          },
          "sensitive_attributes": [],
          "private": "eyJlMmJmYjczMC1lY2FhLTExZTYtOGY4OC0zNDM2M2JjN2M0YzAiOnsiY3JlYXRlIjozMDAwMDAwMDAwMDAsImRlbGV0ZSI6MzAwMDAwMDAwMDAwLCJyZWFkIjozMDAwMDAwMDAwMDAsInVwZGF0ZSI6MzAwMDAwMDAwMDAwfX0=",
          "dependencies": [
            "google_storage_bucket.function_bucket",
            "google_storage_bucket_object.zip1"
          ]
        }
      ]
    },
    {
      "mode": "managed",
      "type": "google_cloudfunctions_function",
      "name": "function2",
      "provider": "provider[\"registry.terraform.io/hashicorp/google\"]",
      "instances": [
        {
          "schema_version": 0,
          "attributes": {
            "available_memory_mb": 256,
            "build_environment_variables": null,
            "build_worker_pool": "",
            "description": "",
            "docker_registry": "CONTAINER_REGISTRY",
            "docker_repository": "",
            "entry_point": "function_handler",
            "environment_variables": null,
            "event_trigger": [],
            "https_trigger_security_level": "SECURE_OPTIONAL",
            "https_trigger_url": "https://europe-west1-csbws2223.cloudfunctions.net/function2",
            "id": "projects/csbws2223/locations/europe-west1/functions/function2",
            "ingress_settings": "ALLOW_ALL",
            "kms_key_name": "",
            "labels": null,
            "max_instances": 0,
            "min_instances": 0,
            "name": "function2",
            "project": "csbws2223",
            "region": "europe-west1",
            "runtime": "python37",
            "secret_environment_variables": [],
            "secret_volumes": [],
            "service_account_email": "csbws2223@appspot.gserviceaccount.com",
            "source_archive_bucket": "csbws2223-function",
            "source_archive_object": "src-3a6148e4bf8f043473e1e0de82c8949e.zip",
            "source_repository": [],
            "status": "ACTIVE",
            "timeout": 60,
            "timeouts": null,
            "trigger_http": true,
            "vpc_connector": "",
            "vpc_connector_egress_settings": ""
          },
          "sensitive_attributes": [],
          "private": "eyJlMmJmYjczMC1lY2FhLTExZTYtOGY4OC0zNDM2M2JjN2M0YzAiOnsiY3JlYXRlIjozMDAwMDAwMDAwMDAsImRlbGV0ZSI6MzAwMDAwMDAwMDAwLCJyZWFkIjozMDAwMDAwMDAwMDAsInVwZGF0ZSI6MzAwMDAwMDAwMDAwfX0=",
          "dependencies": [
            "google_storage_bucket.function_bucket",
            "google_storage_bucket_object.zip2"
          ]
        }
      ]
    },
    {
      "mode": "managed",
      "type": "google_cloudfunctions_function",
      "name": "wrapper",
      "provider": "provider[\"registry.terraform.io/hashicorp/google\"]",
      "instances": [
        {
          "schema_version": 0,
          "attributes": {
            "available_memory_mb": 256,
            "build_environment_variables": null,
            "build_worker_pool": "",
            "description": "",
            "docker_registry": "CONTAINER_REGISTRY",
            "docker_repository": "",
            "entry_point": "function_handler",
            "environment_variables": null,
            "event_trigger": [],
            "https_trigger_security_level": "SECURE_OPTIONAL",
            "https_trigger_url": "https://europe-west1-csbws2223.cloudfunctions.net/wrapper",
            "id": "projects/csbws2223/locations/europe-west1/functions/wrapper",
            "ingress_settings": "ALLOW_ALL",
            "kms_key_name": "",
            "labels": null,
            "max_instances": 0,
            "min_instances": 0,
            "name": "wrapper",
            "project": "csbws2223",
            "region": "europe-west1",
            "runtime": "python37",
            "secret_environment_variables": [],
            "secret_volumes": [],
            "service_account_email": "csbws2223@appspot.gserviceaccount.com",
            "source_archive_bucket": "csbws2223-function",
            "source_archive_object": "src-d0cbbe406b6e17b574d3e335f0425b76.zip",
            "source_repository": [],
            "status": "ACTIVE",
            "timeout": 60,
            "timeouts": null,
            "trigger_http": true,
            "vpc_connector": "",
            "vpc_connector_egress_settings": ""
          },
          "sensitive_attributes": [],
          "private": "eyJlMmJmYjczMC1lY2FhLTExZTYtOGY4OC0zNDM2M2JjN2M0YzAiOnsiY3JlYXRlIjozMDAwMDAwMDAwMDAsImRlbGV0ZSI6MzAwMDAwMDAwMDAwLCJyZWFkIjozMDAwMDAwMDAwMDAsInVwZGF0ZSI6MzAwMDAwMDAwMDAwfX0=",
          "dependencies": [
            "google_storage_bucket.function_bucket",
            "google_storage_bucket_object.wrapper"
          ]
        }
      ]
    },
    {
      "mode": "managed",
      "type": "google_storage_bucket",
      "name": "function_bucket",
      "provider": "provider[\"registry.terraform.io/hashicorp/google\"]",
      "instances": [
        {
          "schema_version": 0,
          "attributes": {
            "autoclass": [],
            "cors": [],
            "custom_placement_config": [],
            "default_event_based_hold": false,
            "encryption": [],
            "force_destroy": false,
            "id": "csbws2223-function",
            "labels": {},
            "lifecycle_rule": [],
            "location": "EUROPE-WEST1",
            "logging": [],
            "name": "csbws2223-function",
            "project": "csbws2223",
            "public_access_prevention": "inherited",
            "requester_pays": false,
            "retention_policy": [],
            "self_link": "https://www.googleapis.com/storage/v1/b/csbws2223-function",
            "storage_class": "STANDARD",
            "timeouts": null,
            "uniform_bucket_level_access": false,
            "url": "gs://csbws2223-function",
            "versioning": [],
            "website": []
          },
          "sensitive_attributes": [],
          "private": "eyJlMmJmYjczMC1lY2FhLTExZTYtOGY4OC0zNDM2M2JjN2M0YzAiOnsiY3JlYXRlIjo2MDAwMDAwMDAwMDAsInJlYWQiOjI0MDAwMDAwMDAwMCwidXBkYXRlIjoyNDAwMDAwMDAwMDB9fQ=="
        }
      ]
    },
    {
      "mode": "managed",
      "type": "google_storage_bucket",
      "name": "input_bucket",
      "provider": "provider[\"registry.terraform.io/hashicorp/google\"]",
      "instances": [
        {
          "schema_version": 0,
          "attributes": {
            "autoclass": [],
            "cors": [],
            "custom_placement_config": [],
            "default_event_based_hold": false,
            "encryption": [],
            "force_destroy": false,
            "id": "csbws2223-input",
            "labels": {},
            "lifecycle_rule": [],
            "location": "EUROPE-WEST1",
            "logging": [],
            "name": "csbws2223-input",
            "project": "csbws2223",
            "public_access_prevention": "inherited",
            "requester_pays": false,
            "retention_policy": [],
            "self_link": "https://www.googleapis.com/storage/v1/b/csbws2223-input",
            "storage_class": "STANDARD",
            "timeouts": null,
            "uniform_bucket_level_access": false,
            "url": "gs://csbws2223-input",
            "versioning": [],
            "website": []
          },
          "sensitive_attributes": [],
          "private": "eyJlMmJmYjczMC1lY2FhLTExZTYtOGY4OC0zNDM2M2JjN2M0YzAiOnsiY3JlYXRlIjo2MDAwMDAwMDAwMDAsInJlYWQiOjI0MDAwMDAwMDAwMCwidXBkYXRlIjoyNDAwMDAwMDAwMDB9fQ=="
        }
      ]
    },
    {
      "mode": "managed",
      "type": "google_storage_bucket_object",
      "name": "wrapper",
      "provider": "provider[\"registry.terraform.io/hashicorp/google\"]",
      "instances": [
        {
          "schema_version": 0,
          "attributes": {
            "bucket": "csbws2223-function",
            "cache_control": "",
            "content": null,
            "content_disposition": "",
            "content_encoding": "",
            "content_language": "",
            "content_type": "application/zip",
            "crc32c": "2TL8Qw==",
            "customer_encryption": [],
            "detect_md5hash": "0Mu+QGtuF7V00+M18EJbdg==",
            "event_based_hold": false,
            "id": "csbws2223-function-src-d0cbbe406b6e17b574d3e335f0425b76.zip",
            "kms_key_name": "",
            "md5hash": "0Mu+QGtuF7V00+M18EJbdg==",
            "media_link": "https://storage.googleapis.com/download/storage/v1/b/csbws2223-function/o/src-d0cbbe406b6e17b574d3e335f0425b76.zip?generation=1689418490882176\u0026alt=media",
            "metadata": {},
            "name": "src-d0cbbe406b6e17b574d3e335f0425b76.zip",
            "output_name": "src-d0cbbe406b6e17b574d3e335f0425b76.zip",
            "self_link": "https://www.googleapis.com/storage/v1/b/csbws2223-function/o/src-d0cbbe406b6e17b574d3e335f0425b76.zip",
            "source": "./tmp/wrapper.zip",
            "storage_class": "STANDARD",
            "temporary_hold": false,
            "timeouts": null
          },
          "sensitive_attributes": [],
          "private": "eyJlMmJmYjczMC1lY2FhLTExZTYtOGY4OC0zNDM2M2JjN2M0YzAiOnsiY3JlYXRlIjoyNDAwMDAwMDAwMDAsImRlbGV0ZSI6MjQwMDAwMDAwMDAwLCJ1cGRhdGUiOjI0MDAwMDAwMDAwMH19",
          "dependencies": [
            "data.archive_file.sourcewrapper",
            "google_storage_bucket.function_bucket"
          ]
        }
      ]
    },
    {
      "mode": "managed",
      "type": "google_storage_bucket_object",
      "name": "zip1",
      "provider": "provider[\"registry.terraform.io/hashicorp/google\"]",
      "instances": [
        {
          "schema_version": 0,
          "attributes": {
            "bucket": "csbws2223-function",
            "cache_control": "",
            "content": null,
            "content_disposition": "",
            "content_encoding": "",
            "content_language": "",
            "content_type": "application/zip",
            "crc32c": "l3TwVg==",
            "customer_encryption": [],
            "detect_md5hash": "AmW6dRg1N6h/bYdIoChLJA==",
            "event_based_hold": false,
            "id": "csbws2223-function-src-0265ba75183537a87f6d8748a0284b24.zip",
            "kms_key_name": "",
            "md5hash": "AmW6dRg1N6h/bYdIoChLJA==",
            "media_link": "https://storage.googleapis.com/download/storage/v1/b/csbws2223-function/o/src-0265ba75183537a87f6d8748a0284b24.zip?generation=1689418490921353\u0026alt=media",
            "metadata": {},
            "name": "src-0265ba75183537a87f6d8748a0284b24.zip",
            "output_name": "src-0265ba75183537a87f6d8748a0284b24.zip",
            "self_link": "https://www.googleapis.com/storage/v1/b/csbws2223-function/o/src-0265ba75183537a87f6d8748a0284b24.zip",
            "source": "./tmp/function1.zip",
            "storage_class": "STANDARD",
            "temporary_hold": false,
            "timeouts": null
          },
          "sensitive_attributes": [],
          "private": "eyJlMmJmYjczMC1lY2FhLTExZTYtOGY4OC0zNDM2M2JjN2M0YzAiOnsiY3JlYXRlIjoyNDAwMDAwMDAwMDAsImRlbGV0ZSI6MjQwMDAwMDAwMDAwLCJ1cGRhdGUiOjI0MDAwMDAwMDAwMH19",
          "dependencies": [
            "data.archive_file.source1",
            "google_storage_bucket.function_bucket"
          ]
        }
      ]
    },
    {
      "mode": "managed",
      "type": "google_storage_bucket_object",
      "name": "zip2",
      "provider": "provider[\"registry.terraform.io/hashicorp/google\"]",
      "instances": [
        {
          "schema_version": 0,
          "attributes": {
            "bucket": "csbws2223-function",
            "cache_control": "",
            "content": null,
            "content_disposition": "",
            "content_encoding": "",
            "content_language": "",
            "content_type": "application/zip",
            "crc32c": "EzcaKQ==",
            "customer_encryption": [],
            "detect_md5hash": "OmFI5L+PBDRz4eDegsiUng==",
            "event_based_hold": false,
            "id": "csbws2223-function-src-3a6148e4bf8f043473e1e0de82c8949e.zip",
            "kms_key_name": "",
            "md5hash": "OmFI5L+PBDRz4eDegsiUng==",
            "media_link": "https://storage.googleapis.com/download/storage/v1/b/csbws2223-function/o/src-3a6148e4bf8f043473e1e0de82c8949e.zip?generation=1689418490919257\u0026alt=media",
            "metadata": {},
            "name": "src-3a6148e4bf8f043473e1e0de82c8949e.zip",
            "output_name": "src-3a6148e4bf8f043473e1e0de82c8949e.zip",
            "self_link": "https://www.googleapis.com/storage/v1/b/csbws2223-function/o/src-3a6148e4bf8f043473e1e0de82c8949e.zip",
            "source": "./tmp/function2.zip",
            "storage_class": "STANDARD",
            "temporary_hold": false,
            "timeouts": null
          },
          "sensitive_attributes": [],
          "private": "eyJlMmJmYjczMC1lY2FhLTExZTYtOGY4OC0zNDM2M2JjN2M0YzAiOnsiY3JlYXRlIjoyNDAwMDAwMDAwMDAsImRlbGV0ZSI6MjQwMDAwMDAwMDAwLCJ1cGRhdGUiOjI0MDAwMDAwMDAwMH19",
          "dependencies": [
            "data.archive_file.source2",
            "google_storage_bucket.function_bucket"
          ]
        }
      ]
    }
  ],
  "check_results": null
}
